#MicroXplorer Configuration settings - do not modify
File.Version=6
GPIO.groupedBy=Group By Peripherals
KeepUserPlacement=false
Mcu.Family=STM32H7
Mcu.IP0=CORTEX_M7
Mcu.IP1=DEBUG
Mcu.IP10=USB_DEVICE
Mcu.IP11=USB_OTG_FS
Mcu.IP2=NVIC
Mcu.IP3=QUADSPI
Mcu.IP4=RCC
Mcu.IP5=RTC
Mcu.IP6=SPI1
Mcu.IP7=SPI4
Mcu.IP8=SYS
Mcu.IP9=TIM1
Mcu.IPNb=12
Mcu.Name=STM32H743VITx
Mcu.Package=LQFP100
Mcu.Pin0=PE2
Mcu.Pin1=PE3
Mcu.Pin10=PE13
Mcu.Pin11=PE14
Mcu.Pin12=PD11
Mcu.Pin13=PD12
Mcu.Pin14=PD13
Mcu.Pin15=PA11
Mcu.Pin16=PA12
Mcu.Pin17=PA13 (JTMS/SWDIO)
Mcu.Pin18=PA14 (JTCK/SWCLK)
Mcu.Pin19=PD6
Mcu.Pin2=PC14-OSC32_IN (OSC32_IN)
Mcu.Pin20=PD7
Mcu.Pin21=PB3 (JTDO/TRACESWO)
Mcu.Pin22=PB4 (NJTRST)
Mcu.Pin23=PB6
Mcu.Pin24=VP_RTC_VS_RTC_Activate
Mcu.Pin25=VP_SYS_VS_Systick
Mcu.Pin26=VP_USB_DEVICE_VS_USB_DEVICE_MSC_FS
Mcu.Pin3=PC15-OSC32_OUT (OSC32_OUT)
Mcu.Pin4=PH0-OSC_IN (PH0)
Mcu.Pin5=PH1-OSC_OUT (PH1)
Mcu.Pin6=PB2
Mcu.Pin7=PE10
Mcu.Pin8=PE11
Mcu.Pin9=PE12
Mcu.PinsNb=27
Mcu.ThirdPartyNb=0
Mcu.UserConstants=
Mcu.UserName=STM32H743VITx
MxCube.Version=6.0.1
MxDb.Version=DB.6.0.0
NVIC.BusFault_IRQn=true\:0\:0\:false\:false\:true\:false\:false
NVIC.DebugMonitor_IRQn=true\:0\:0\:false\:false\:true\:false\:false
NVIC.ForceEnableDMAVector=true
NVIC.HardFault_IRQn=true\:0\:0\:false\:false\:true\:false\:false
NVIC.MemoryManagement_IRQn=true\:0\:0\:false\:false\:true\:false\:false
NVIC.NonMaskableInt_IRQn=true\:0\:0\:false\:false\:true\:false\:false
NVIC.OTG_FS_IRQn=true\:1\:0\:true\:false\:true\:false\:true
NVIC.PendSV_IRQn=true\:0\:0\:false\:false\:true\:false\:false
NVIC.PriorityGroup=NVIC_PRIORITYGROUP_4
NVIC.SVCall_IRQn=true\:0\:0\:false\:false\:true\:false\:false
NVIC.SysTick_IRQn=true\:0\:0\:false\:false\:true\:false\:true
NVIC.UsageFault_IRQn=true\:0\:0\:false\:false\:true\:false\:false
PA11.Mode=Device_Only
PA11.Signal=USB_OTG_FS_DM
PA12.Mode=Device_Only
PA12.Signal=USB_OTG_FS_DP
PA13\ (JTMS/SWDIO).Mode=Serial_Wire
PA13\ (JTMS/SWDIO).Signal=DEBUG_JTMS-SWDIO
PA14\ (JTCK/SWCLK).Mode=Serial_Wire
PA14\ (JTCK/SWCLK).Signal=DEBUG_JTCK-SWCLK
PB2.GPIOParameters=GPIO_Speed
PB2.GPIO_Speed=GPIO_SPEED_FREQ_VERY_HIGH
PB2.Mode=Single Bank 1
PB2.Signal=QUADSPI_CLK
PB3\ (JTDO/TRACESWO).GPIOParameters=GPIO_Speed
PB3\ (JTDO/TRACESWO).GPIO_Speed=GPIO_SPEED_FREQ_MEDIUM
PB3\ (JTDO/TRACESWO).Locked=true
PB3\ (JTDO/TRACESWO).Mode=Full_Duplex_Master
PB3\ (JTDO/TRACESWO).Signal=SPI1_SCK
PB4\ (NJTRST).GPIOParameters=GPIO_Speed
PB4\ (NJTRST).GPIO_Speed=GPIO_SPEED_FREQ_MEDIUM
PB4\ (NJTRST).Locked=true
PB4\ (NJTRST).Mode=Full_Duplex_Master
PB4\ (NJTRST).Signal=SPI1_MISO
PB6.GPIOParameters=GPIO_FM6,GPIO_Speed
PB6.GPIO_FM6=SYSCFG_PMCR_I2C_PB6_FMP
PB6.GPIO_Speed=GPIO_SPEED_FREQ_VERY_HIGH
PB6.Locked=true
PB6.Mode=Single Bank 1
PB6.Signal=QUADSPI_BK1_NCS
PC14-OSC32_IN\ (OSC32_IN).Mode=LSE-External-Oscillator
PC14-OSC32_IN\ (OSC32_IN).Signal=RCC_OSC32_IN
PC15-OSC32_OUT\ (OSC32_OUT).Mode=LSE-External-Oscillator
PC15-OSC32_OUT\ (OSC32_OUT).Signal=RCC_OSC32_OUT
PD11.GPIOParameters=GPIO_Speed
PD11.GPIO_Speed=GPIO_SPEED_FREQ_VERY_HIGH
PD11.Mode=Single Bank 1
PD11.Signal=QUADSPI_BK1_IO0
PD12.GPIOParameters=GPIO_Speed
PD12.GPIO_Speed=GPIO_SPEED_FREQ_VERY_HIGH
PD12.Mode=Single Bank 1
PD12.Signal=QUADSPI_BK1_IO1
PD13.GPIOParameters=GPIO_Speed
PD13.GPIO_Speed=GPIO_SPEED_FREQ_VERY_HIGH
PD13.Locked=true
PD13.Mode=Single Bank 1
PD13.Signal=QUADSPI_BK1_IO3
PD6.GPIOParameters=GPIO_Speed,PinState,GPIO_Label
PD6.GPIO_Label=F_CS
PD6.GPIO_Speed=GPIO_SPEED_FREQ_VERY_HIGH
PD6.Locked=true
PD6.PinState=GPIO_PIN_SET
PD6.Signal=GPIO_Output
PD7.GPIOParameters=GPIO_Speed
PD7.GPIO_Speed=GPIO_SPEED_FREQ_MEDIUM
PD7.Locked=true
PD7.Mode=Full_Duplex_Master
PD7.Signal=SPI1_MOSI
PE10.Locked=true
PE10.Mode=PWM Generation2 CH2N
PE10.Signal=TIM1_CH2N
PE11.GPIOParameters=GPIO_Speed,PinState,GPIO_Label
PE11.GPIO_Label=LCD_CS
PE11.GPIO_Speed=GPIO_SPEED_FREQ_VERY_HIGH
PE11.Locked=true
PE11.PinState=GPIO_PIN_SET
PE11.Signal=GPIO_Output
PE12.GPIOParameters=GPIO_Speed
PE12.GPIO_Speed=GPIO_SPEED_FREQ_MEDIUM
PE12.Locked=true
PE12.Mode=Simplex_Bidirectional_Master
PE12.Signal=SPI4_SCK
PE13.GPIOParameters=GPIO_Speed,PinState,GPIO_Label
PE13.GPIO_Label=LCD_WR_RS
PE13.GPIO_Speed=GPIO_SPEED_FREQ_VERY_HIGH
PE13.Locked=true
PE13.PinState=GPIO_PIN_SET
PE13.Signal=GPIO_Output
PE14.GPIOParameters=GPIO_Speed
PE14.GPIO_Speed=GPIO_SPEED_FREQ_MEDIUM
PE14.Locked=true
PE14.Mode=Simplex_Bidirectional_Master
PE14.Signal=SPI4_MOSI
PE2.GPIOParameters=GPIO_Speed
PE2.GPIO_Speed=GPIO_SPEED_FREQ_VERY_HIGH
PE2.Mode=Single Bank 1
PE2.Signal=QUADSPI_BK1_IO2
PE3.GPIOParameters=PinState,GPIO_Label
PE3.GPIO_Label=PE3
PE3.Locked=true
PE3.PinState=GPIO_PIN_RESET
PE3.Signal=GPIO_Output
PH0-OSC_IN\ (PH0).Mode=HSE-External-Oscillator
PH0-OSC_IN\ (PH0).Signal=RCC_OSC_IN
PH1-OSC_OUT\ (PH1).Mode=HSE-External-Oscillator
PH1-OSC_OUT\ (PH1).Signal=RCC_OSC_OUT
PinOutPanel.RotationAngle=0
ProjectManager.AskForMigrate=true
ProjectManager.BackupPrevious=false
ProjectManager.CompilerOptimize=6
ProjectManager.ComputerToolchain=false
ProjectManager.CoupleFile=true
ProjectManager.CustomerFirmwarePackage=
ProjectManager.DefaultFWLocation=true
ProjectManager.DeletePrevious=true
ProjectManager.DeviceId=STM32H743VITx
ProjectManager.FirmwarePackage=STM32Cube FW_H7 V1.8.0
ProjectManager.FreePins=false
ProjectManager.HalAssertFull=false
ProjectManager.HeapSize=0x2000
ProjectManager.KeepUserCode=true
ProjectManager.LastFirmware=true
ProjectManager.LibraryCopy=1
ProjectManager.MainLocation=Core/Src
ProjectManager.NoMain=false
ProjectManager.PreviousToolchain=
ProjectManager.ProjectBuild=false
ProjectManager.ProjectFileName=06-SPIFlash_Test.ioc
ProjectManager.ProjectName=06-SPIFlash_Test
ProjectManager.RegisterCallBack=
ProjectManager.StackSize=0x2000
ProjectManager.TargetToolchain=MDK-ARM V5.27
ProjectManager.ToolChainLocation=
ProjectManager.UnderRoot=false
ProjectManager.functionlistsort=1-MX_GPIO_Init-GPIO-false-HAL-true,2-SystemClock_Config-RCC-false-HAL-false,3-MX_QUADSPI_Init-QUADSPI-true-HAL-true,4-MX_RTC_Init-RTC-false-HAL-true,5-MX_SPI1_Init-SPI1-false-HAL-true,6-MX_SPI4_Init-SPI4-false-HAL-true,7-MX_TIM1_Init-TIM1-false-HAL-true,8-MX_USB_DEVICE_Init-USB_DEVICE-false-HAL-false,0-MX_CORTEX_M7_Init-CORTEX_M7-false-HAL-true
QUADSPI.ChipSelectHighTime=QSPI_CS_HIGH_TIME_3_CYCLE
QUADSPI.ClockMode=QSPI_CLOCK_MODE_3
QUADSPI.ClockPrescaler=2-1
QUADSPI.FlashSize=23-1
QUADSPI.IPParameters=FlashSize,ClockMode,ChipSelectHighTime,ClockPrescaler,SampleShifting
QUADSPI.SampleShifting=QSPI_SAMPLE_SHIFTING_HALFCYCLE
RCC.ADCFreq_Value=50390625
RCC.AHB12Freq_Value=120000000
RCC.AHB4Freq_Value=120000000
RCC.APB1Freq_Value=120000000
RCC.APB2Freq_Value=120000000
RCC.APB3Freq_Value=120000000
RCC.APB4Freq_Value=120000000
RCC.AXIClockFreq_Value=120000000
RCC.CECFreq_Value=32000
RCC.CKPERFreq_Value=64000000
RCC.CortexFreq_Value=240000000
RCC.CpuClockFreq_Value=240000000
RCC.D1CPREFreq_Value=240000000
RCC.DFSDMACLkFreq_Value=240000000
RCC.DFSDMFreq_Value=120000000
RCC.DIVM1=5
RCC.DIVM3=10
RCC.DIVN1=96
RCC.DIVN3=96
RCC.DIVP1Freq_Value=240000000
RCC.DIVP2Freq_Value=50390625
RCC.DIVP3=5
RCC.DIVP3Freq_Value=48000000
RCC.DIVQ1Freq_Value=240000000
RCC.DIVQ2Freq_Value=50390625
RCC.DIVQ3=5
RCC.DIVQ3Freq_Value=48000000
RCC.DIVR1Freq_Value=240000000
RCC.DIVR2Freq_Value=50390625
RCC.DIVR3Freq_Value=120000000
RCC.FDCANFreq_Value=240000000
RCC.FMCFreq_Value=120000000
RCC.FamilyName=M
RCC.HCLK3ClockFreq_Value=120000000
RCC.HCLKFreq_Value=120000000
RCC.HPRE=RCC_HCLK_DIV2
RCC.HRTIMFreq_Value=120000000
RCC.I2C123Freq_Value=120000000
RCC.I2C4Freq_Value=120000000
RCC.IPParameters=ADCFreq_Value,AHB12Freq_Value,AHB4Freq_Value,APB1Freq_Value,APB2Freq_Value,APB3Freq_Value,APB4Freq_Value,AXIClockFreq_Value,CECFreq_Value,CKPERFreq_Value,CortexFreq_Value,CpuClockFreq_Value,D1CPREFreq_Value,DFSDMACLkFreq_Value,DFSDMFreq_Value,DIVM1,DIVM3,DIVN1,DIVN3,DIVP1Freq_Value,DIVP2Freq_Value,DIVP3,DIVP3Freq_Value,DIVQ1Freq_Value,DIVQ2Freq_Value,DIVQ3,DIVQ3Freq_Value,DIVR1Freq_Value,DIVR2Freq_Value,DIVR3Freq_Value,FDCANFreq_Value,FMCFreq_Value,FamilyName,HCLK3ClockFreq_Value,HCLKFreq_Value,HPRE,HRTIMFreq_Value,I2C123Freq_Value,I2C4Freq_Value,LPTIM1Freq_Value,LPTIM2Freq_Value,LPTIM345Freq_Value,LPUART1Freq_Value,LTDCFreq_Value,MCO1PinFreq_Value,MCO2PinFreq_Value,PLL2FRACN,PLL3FRACN,PLLFRACN,PLLSourceVirtual,QSPIFreq_Value,RNGFreq_Value,RTCFreq_Value,SAI1Freq_Value,SAI23Freq_Value,SAI4AFreq_Value,SAI4BFreq_Value,SDMMCFreq_Value,SPDIFRXFreq_Value,SPI123Freq_Value,SPI45Freq_Value,SPI6Freq_Value,SWPMI1Freq_Value,SYSCLKFreq_VALUE,SYSCLKSource,SupplySource,Tim1OutputFreq_Value,Tim2OutputFreq_Value,TraceFreq_Value,USART16Freq_Value,USART234578Freq_Value,USBCLockSelection,USBFreq_Value,VCO1OutputFreq_Value,VCO2OutputFreq_Value,VCO3OutputFreq_Value,VCOInput1Freq_Value,VCOInput2Freq_Value,VCOInput3Freq_Value
RCC.LPTIM1Freq_Value=120000000
RCC.LPTIM2Freq_Value=120000000
RCC.LPTIM345Freq_Value=120000000
RCC.LPUART1Freq_Value=120000000
RCC.LTDCFreq_Value=120000000
RCC.MCO1PinFreq_Value=64000000
RCC.MCO2PinFreq_Value=240000000
RCC.PLL2FRACN=0
RCC.PLL3FRACN=0
RCC.PLLFRACN=0
RCC.PLLSourceVirtual=RCC_PLLSOURCE_HSE
RCC.QSPIFreq_Value=120000000
RCC.RNGFreq_Value=48000000
RCC.RTCFreq_Value=32000
RCC.SAI1Freq_Value=240000000
RCC.SAI23Freq_Value=240000000
RCC.SAI4AFreq_Value=240000000
RCC.SAI4BFreq_Value=240000000
RCC.SDMMCFreq_Value=240000000
RCC.SPDIFRXFreq_Value=240000000
RCC.SPI123Freq_Value=240000000
RCC.SPI45Freq_Value=120000000
RCC.SPI6Freq_Value=120000000
RCC.SWPMI1Freq_Value=120000000
RCC.SYSCLKFreq_VALUE=240000000
RCC.SYSCLKSource=RCC_SYSCLKSOURCE_PLLCLK
RCC.SupplySource=PWR_LDO_SUPPLY
RCC.Tim1OutputFreq_Value=120000000
RCC.Tim2OutputFreq_Value=120000000
RCC.TraceFreq_Value=240000000
RCC.USART16Freq_Value=120000000
RCC.USART234578Freq_Value=120000000
RCC.USBCLockSelection=RCC_USBCLKSOURCE_PLL3
RCC.USBFreq_Value=48000000
RCC.VCO1OutputFreq_Value=480000000
RCC.VCO2OutputFreq_Value=100781250
RCC.VCO3OutputFreq_Value=240000000
RCC.VCOInput1Freq_Value=5000000
RCC.VCOInput2Freq_Value=781250
RCC.VCOInput3Freq_Value=2500000
SPI1.BaudRatePrescaler=SPI_BAUDRATEPRESCALER_4
SPI1.CLKPolarity=SPI_POLARITY_LOW
SPI1.CalculateBaudRate=60.0 MBits/s
SPI1.DataSize=SPI_DATASIZE_8BIT
SPI1.Direction=SPI_DIRECTION_2LINES
SPI1.IPParameters=VirtualType,Mode,Direction,CalculateBaudRate,DataSize,CLKPolarity,BaudRatePrescaler
SPI1.Mode=SPI_MODE_MASTER
SPI1.VirtualType=VM_MASTER
SPI4.BaudRatePrescaler=SPI_BAUDRATEPRESCALER_8
SPI4.CLKPolarity=SPI_POLARITY_LOW
SPI4.CalculateBaudRate=15.0 MBits/s
SPI4.DataSize=SPI_DATASIZE_8BIT
SPI4.Direction=SPI_DIRECTION_1LINE
SPI4.IPParameters=VirtualType,Mode,Direction,CalculateBaudRate,BaudRatePrescaler,CLKPolarity,DataSize
SPI4.Mode=SPI_MODE_MASTER
SPI4.VirtualType=VM_MASTER
TIM1.Channel-PWM\ Generation2\ CH2N=TIM_CHANNEL_2
TIM1.IPParameters=Channel-PWM Generation2 CH2N,Prescaler,Period,OCNPolarity_2
TIM1.OCNPolarity_2=TIM_OCNPOLARITY_LOW
TIM1.Period=100-1
TIM1.Prescaler=120-1
USB_DEVICE.CLASS_NAME_FS=MSC
USB_DEVICE.IPParameters=VirtualMode-MSC_FS,VirtualModeFS,CLASS_NAME_FS,MSC_MEDIA_PACKET-MSC_FS
USB_DEVICE.MSC_MEDIA_PACKET-MSC_FS=4096
USB_DEVICE.VirtualMode-MSC_FS=Msc
USB_DEVICE.VirtualModeFS=Msc_FS
USB_OTG_FS.IPParameters=VirtualMode,dma_enable
USB_OTG_FS.VirtualMode=Device_Only
USB_OTG_FS.dma_enable=ENABLE
VP_RTC_VS_RTC_Activate.Mode=RTC_Enabled
VP_RTC_VS_RTC_Activate.Signal=RTC_VS_RTC_Activate
VP_SYS_VS_Systick.Mode=SysTick
VP_SYS_VS_Systick.Signal=SYS_VS_Systick
VP_USB_DEVICE_VS_USB_DEVICE_MSC_FS.Mode=MSC_FS
VP_USB_DEVICE_VS_USB_DEVICE_MSC_FS.Signal=USB_DEVICE_VS_USB_DEVICE_MSC_FS
board=custom
